
Microsoft Visual Studio Solution File, Format Version 12.00
# Visual Studio Version 16
VisualStudioVersion = 16.0.29519.87
MinimumVisualStudioVersion = 10.0.40219.1
Project("{FAE04EC0-301F-11D3-BF4B-00C04F79EFBC}") = "Querying JSON using LINQ", "Querying JSON using LINQ\Querying JSON using LINQ.csproj", "{581467E9-17AD-472C-9AFE-5941377FC3FD}"
EndProject
Global
	GlobalSection(SolutionConfigurationPlatforms) = preSolution
		Debug|Any CPU = Debug|Any CPU
		Release|Any CPU = Release|Any CPU
	EndGlobalSection
	GlobalSection(ProjectConfigurationPlatforms) = postSolution
		{581467E9-17AD-472C-9AFE-5941377FC3FD}.Debug|Any CPU.ActiveCfg = Debug|Any CPU
		{581467E9-17AD-472C-9AFE-5941377FC3FD}.Debug|Any CPU.Build.0 = Debug|Any CPU
		{581467E9-17AD-472C-9AFE-5941377FC3FD}.Release|Any CPU.ActiveCfg = Release|Any CPU
		{581467E9-17AD-472C-9AFE-5941377FC3FD}.Release|Any CPU.Build.0 = Release|Any CPU
	EndGlobalSection
	GlobalSection(SolutionProperties) = preSolution
		HideSolutionNode = FALSE
	EndGlobalSection
	GlobalSection(ExtensibilityGlobals) = postSolution
		SolutionGuid = {E69CD7FC-EC42-452F-82D3-ECC40758C814}
	EndGlobalSection
EndGlobal
